
Microsoft Visual Studio Solution File, Format Version 12.00
# Visual Studio Version 17
VisualStudioVersion = 17.7.34024.191
MinimumVisualStudioVersion = 10.0.40219.1
Project("{9A19103F-16F7-4668-BE54-9A1E7A4F7556}") = "Udemy.NZWalks.API", "Udemy.NZWalks.APII\Udemy.NZWalks.API.csproj", "{9E5795D1-A2D9-43AC-9BE1-5E184F0C26AB}"
EndProject
Project("{2150E333-8FDC-42A3-9474-1A3956D46DE8}") = "Solution Items", "Solution Items", "{0616C441-A85C-4DD0-BC24-1F5A28947E39}"
	ProjectSection(SolutionItems) = preProject
		.editorconfig = .editorconfig
	EndProjectSection
EndProject
Global
	GlobalSection(SolutionConfigurationPlatforms) = preSolution
		Debug|Any CPU = Debug|Any CPU
		Release|Any CPU = Release|Any CPU
	EndGlobalSection
	GlobalSection(ProjectConfigurationPlatforms) = postSolution
		{9E5795D1-A2D9-43AC-9BE1-5E184F0C26AB}.Debug|Any CPU.ActiveCfg = Debug|Any CPU
		{9E5795D1-A2D9-43AC-9BE1-5E184F0C26AB}.Debug|Any CPU.Build.0 = Debug|Any CPU
		{9E5795D1-A2D9-43AC-9BE1-5E184F0C26AB}.Release|Any CPU.ActiveCfg = Release|Any CPU
		{9E5795D1-A2D9-43AC-9BE1-5E184F0C26AB}.Release|Any CPU.Build.0 = Release|Any CPU
	EndGlobalSection
	GlobalSection(SolutionProperties) = preSolution
		HideSolutionNode = FALSE
	EndGlobalSection
	GlobalSection(ExtensibilityGlobals) = postSolution
		SolutionGuid = {8BEA2089-FE90-4706-9DBD-623CB2983739}
	EndGlobalSection
EndGlobal
